
Microsoft Visual Studio Solution File, Format Version 12.00
# Visual Studio Version 16
VisualStudioVersion = 16.0.30523.141
MinimumVisualStudioVersion = 10.0.40219.1
Project("{FAE04EC0-301F-11D3-BF4B-00C04F79EFBC}") = "SistemaEDInterfaces", "SistemaEDInterfaces\SistemaEDInterfaces.csproj", "{7FEA27BB-94A5-4D04-BA4D-D4764060537D}"
EndProject
Global
	GlobalSection(SolutionConfigurationPlatforms) = preSolution
		Debug|Any CPU = Debug|Any CPU
		Release|Any CPU = Release|Any CPU
	EndGlobalSection
	GlobalSection(ProjectConfigurationPlatforms) = postSolution
		{7FEA27BB-94A5-4D04-BA4D-D4764060537D}.Debug|Any CPU.ActiveCfg = Debug|Any CPU
		{7FEA27BB-94A5-4D04-BA4D-D4764060537D}.Debug|Any CPU.Build.0 = Debug|Any CPU
		{7FEA27BB-94A5-4D04-BA4D-D4764060537D}.Release|Any CPU.ActiveCfg = Release|Any CPU
		{7FEA27BB-94A5-4D04-BA4D-D4764060537D}.Release|Any CPU.Build.0 = Release|Any CPU
	EndGlobalSection
	GlobalSection(SolutionProperties) = preSolution
		HideSolutionNode = FALSE
	EndGlobalSection
	GlobalSection(ExtensibilityGlobals) = postSolution
		SolutionGuid = {41938A8C-084A-4DE4-ABCE-486EBF2905F5}
	EndGlobalSection
EndGlobal
